// !$*UTF8*$!
{
	archiveVersion = 1;
	classes = {
	};
	objectVersion = 55;
	objects = {

/* Begin PBXBuildFile section */
		1A0E3A992862F7E200132FCB /* AppDelegate.swift in Sources */ = {isa = PBXBuildFile; fileRef = 1A0E3A982862F7E200132FCB /* AppDelegate.swift */; };
		1A0E3A9B2862F7E200132FCB /* SceneDelegate.swift in Sources */ = {isa = PBXBuildFile; fileRef = 1A0E3A9A2862F7E200132FCB /* SceneDelegate.swift */; };
		1A0E3A9D2862F7E200132FCB /* ListHeroesViewController.swift in Sources */ = {isa = PBXBuildFile; fileRef = 1A0E3A9C2862F7E200132FCB /* ListHeroesViewController.swift */; };
		1A0E3AA22862F7E300132FCB /* Assets.xcassets in Resources */ = {isa = PBXBuildFile; fileRef = 1A0E3AA12862F7E300132FCB /* Assets.xcassets */; };
		1A0E3AA52862F7E300132FCB /* LaunchScreen.storyboard in Resources */ = {isa = PBXBuildFile; fileRef = 1A0E3AA32862F7E300132FCB /* LaunchScreen.storyboard */; };
		1A0E3AB02862F7E300132FCB /* DetailViewModelTests.swift in Sources */ = {isa = PBXBuildFile; fileRef = 1A0E3AAF2862F7E300132FCB /* DetailViewModelTests.swift */; };
		1A0E3ABA2862F7E300132FCB /* WallaMarvelUITests.swift in Sources */ = {isa = PBXBuildFile; fileRef = 1A0E3AB92862F7E300132FCB /* WallaMarvelUITests.swift */; };
		1A0E3ABC2862F7E300132FCB /* WallaMarvelUITestsLaunchTests.swift in Sources */ = {isa = PBXBuildFile; fileRef = 1A0E3ABB2862F7E300132FCB /* WallaMarvelUITestsLaunchTests.swift */; };
		1A821EC92862FE3C0024D397 /* APIClient.swift in Sources */ = {isa = PBXBuildFile; fileRef = 1A821EC82862FE3C0024D397 /* APIClient.swift */; };
		1A821ECC2862FF990024D397 /* String+Extension.swift in Sources */ = {isa = PBXBuildFile; fileRef = 1A821ECB2862FF990024D397 /* String+Extension.swift */; };
		1A821ED6286305590024D397 /* MarvelDataSource.swift in Sources */ = {isa = PBXBuildFile; fileRef = 1A821ED5286305590024D397 /* MarvelDataSource.swift */; };
		1A821ED82863081A0024D397 /* MarvelRepository.swift in Sources */ = {isa = PBXBuildFile; fileRef = 1A821ED72863081A0024D397 /* MarvelRepository.swift */; };
		1AC0347F2863214900E93178 /* GetHeroes.swift in Sources */ = {isa = PBXBuildFile; fileRef = 1AC0347E2863214900E93178 /* GetHeroes.swift */; };
		744627A62DE8FD6B008B692A /* HeroesListUIView.swift in Sources */ = {isa = PBXBuildFile; fileRef = 744627A52DE8FD59008B692A /* HeroesListUIView.swift */; };
		744627AC2DEA3C37008B692A /* HeroeDetailsUIView.swift in Sources */ = {isa = PBXBuildFile; fileRef = 744627AB2DEA3C37008B692A /* HeroeDetailsUIView.swift */; };
		744627AE2DEA6CFD008B692A /* SearchBarUIView.swift in Sources */ = {isa = PBXBuildFile; fileRef = 744627AD2DEA6CFD008B692A /* SearchBarUIView.swift */; };
		744627B02DEA78F8008B692A /* UserDefaultsHelper.swift in Sources */ = {isa = PBXBuildFile; fileRef = 744627AF2DEA78F3008B692A /* UserDefaultsHelper.swift */; };
		744627B42DEB073B008B692A /* FavoriteHeroesViewController.swift in Sources */ = {isa = PBXBuildFile; fileRef = 744627B32DEB073B008B692A /* FavoriteHeroesViewController.swift */; };
		744627B62DEB0B48008B692A /* FavoriteHeroesViewModel.swift in Sources */ = {isa = PBXBuildFile; fileRef = 744627B52DEB0B48008B692A /* FavoriteHeroesViewModel.swift */; };
		744627BC2DEB99F3008B692A /* Config.xcconfig in Resources */ = {isa = PBXBuildFile; fileRef = 744627BB2DEB99F3008B692A /* Config.xcconfig */; };
		744627C22DEBCD00008B692A /* ListHeroesViewModelTests.swift in Sources */ = {isa = PBXBuildFile; fileRef = 744627C12DEBCCF4008B692A /* ListHeroesViewModelTests.swift */; };
		744627C42DEBCDF2008B692A /* ApiClientUnitTests.swift in Sources */ = {isa = PBXBuildFile; fileRef = 744627C32DEBCDE4008B692A /* ApiClientUnitTests.swift */; };
		744627C62DEC0784008B692A /* MockGetHeroesUseCase.swift in Sources */ = {isa = PBXBuildFile; fileRef = 744627C52DEC0784008B692A /* MockGetHeroesUseCase.swift */; };
		744627C82DEC125C008B692A /* MockURLProtocol.swift in Sources */ = {isa = PBXBuildFile; fileRef = 744627C72DEC125C008B692A /* MockURLProtocol.swift */; };
		744627CA2DEC138B008B692A /* MockUserDefaults.swift in Sources */ = {isa = PBXBuildFile; fileRef = 744627C92DEC138B008B692A /* MockUserDefaults.swift */; };
		744627CC2DEC1591008B692A /* UserDefaultsHelperTests.swift in Sources */ = {isa = PBXBuildFile; fileRef = 744627CB2DEC1591008B692A /* UserDefaultsHelperTests.swift */; };
		749617B82DE4E9F200B7D270 /* AppCoordinator.swift in Sources */ = {isa = PBXBuildFile; fileRef = 749617B72DE4E9E500B7D270 /* AppCoordinator.swift */; };
		749617BA2DE4EB6F00B7D270 /* ListHeroesCoordinator.swift in Sources */ = {isa = PBXBuildFile; fileRef = 749617B92DE4EB6700B7D270 /* ListHeroesCoordinator.swift */; };
		749617BC2DE4EF5B00B7D270 /* ListHeroesViewModel.swift in Sources */ = {isa = PBXBuildFile; fileRef = 749617BB2DE4EF5600B7D270 /* ListHeroesViewModel.swift */; };
		749617CB2DE4F97E00B7D270 /* Localizable.xcstrings in Resources */ = {isa = PBXBuildFile; fileRef = 749617CA2DE4F97E00B7D270 /* Localizable.xcstrings */; };
		749617CF2DE6476900B7D270 /* KeychainHelper.swift in Sources */ = {isa = PBXBuildFile; fileRef = 749617CE2DE6476100B7D270 /* KeychainHelper.swift */; };
		749617D22DE6607100B7D270 /* FavoriteHeroesCoordinator.swift in Sources */ = {isa = PBXBuildFile; fileRef = 749617D12DE6607100B7D270 /* FavoriteHeroesCoordinator.swift */; };
		749617D42DE671DA00B7D270 /* BaseCoordinator.swift in Sources */ = {isa = PBXBuildFile; fileRef = 749617D32DE671DA00B7D270 /* BaseCoordinator.swift */; };
		749617D62DE6741100B7D270 /* DetailViewModel.swift in Sources */ = {isa = PBXBuildFile; fileRef = 749617D52DE6740800B7D270 /* DetailViewModel.swift */; };
		749617D82DE6741D00B7D270 /* HeroDetailViewController.swift in Sources */ = {isa = PBXBuildFile; fileRef = 749617D72DE6741800B7D270 /* HeroDetailViewController.swift */; };
		749617DA2DE7969200B7D270 /* CharacterDataWrapper.swift in Sources */ = {isa = PBXBuildFile; fileRef = 749617D92DE7969200B7D270 /* CharacterDataWrapper.swift */; };
		749617DC2DE8866F00B7D270 /* UIHostingTableViewCell.swift in Sources */ = {isa = PBXBuildFile; fileRef = 749617DB2DE8866F00B7D270 /* UIHostingTableViewCell.swift */; };
		749617E12DE8D9A600B7D270 /* Security.framework in Frameworks */ = {isa = PBXBuildFile; fileRef = 749617E02DE8D9A600B7D270 /* Security.framework */; };
		A66389F32DCE202500466318 /* Kingfisher in Frameworks */ = {isa = PBXBuildFile; productRef = A66389F22DCE202500466318 /* Kingfisher */; };
/* End PBXBuildFile section */

/* Begin PBXContainerItemProxy section */
		1A0E3AAC2862F7E300132FCB /* PBXContainerItemProxy */ = {
			isa = PBXContainerItemProxy;
			containerPortal = 1A0E3A8D2862F7E200132FCB /* Project object */;
			proxyType = 1;
			remoteGlobalIDString = 1A0E3A942862F7E200132FCB;
			remoteInfo = WallaMarvel;
		};
		1A0E3AB62862F7E300132FCB /* PBXContainerItemProxy */ = {
			isa = PBXContainerItemProxy;
			containerPortal = 1A0E3A8D2862F7E200132FCB /* Project object */;
			proxyType = 1;
			remoteGlobalIDString = 1A0E3A942862F7E200132FCB;
			remoteInfo = WallaMarvel;
		};
/* End PBXContainerItemProxy section */

/* Begin PBXFileReference section */
		1A0E3A952862F7E200132FCB /* WallaMarvel.app */ = {isa = PBXFileReference; explicitFileType = wrapper.application; includeInIndex = 0; path = WallaMarvel.app; sourceTree = BUILT_PRODUCTS_DIR; };
		1A0E3A982862F7E200132FCB /* AppDelegate.swift */ = {isa = PBXFileReference; lastKnownFileType = sourcecode.swift; path = AppDelegate.swift; sourceTree = "<group>"; };
		1A0E3A9A2862F7E200132FCB /* SceneDelegate.swift */ = {isa = PBXFileReference; lastKnownFileType = sourcecode.swift; path = SceneDelegate.swift; sourceTree = "<group>"; };
		1A0E3A9C2862F7E200132FCB /* ListHeroesViewController.swift */ = {isa = PBXFileReference; lastKnownFileType = sourcecode.swift; path = ListHeroesViewController.swift; sourceTree = "<group>"; };
		1A0E3AA12862F7E300132FCB /* Assets.xcassets */ = {isa = PBXFileReference; lastKnownFileType = folder.assetcatalog; path = Assets.xcassets; sourceTree = "<group>"; };
		1A0E3AA62862F7E300132FCB /* Info.plist */ = {isa = PBXFileReference; lastKnownFileType = text.plist.xml; path = Info.plist; sourceTree = "<group>"; };
		1A0E3AAB2862F7E300132FCB /* WallaMarvelTests.xctest */ = {isa = PBXFileReference; explicitFileType = wrapper.cfbundle; includeInIndex = 0; path = WallaMarvelTests.xctest; sourceTree = BUILT_PRODUCTS_DIR; };
		1A0E3AAF2862F7E300132FCB /* DetailViewModelTests.swift */ = {isa = PBXFileReference; lastKnownFileType = sourcecode.swift; path = DetailViewModelTests.swift; sourceTree = "<group>"; };
		1A0E3AB52862F7E300132FCB /* WallaMarvelUITests.xctest */ = {isa = PBXFileReference; explicitFileType = wrapper.cfbundle; includeInIndex = 0; path = WallaMarvelUITests.xctest; sourceTree = BUILT_PRODUCTS_DIR; };
		1A0E3AB92862F7E300132FCB /* WallaMarvelUITests.swift */ = {isa = PBXFileReference; lastKnownFileType = sourcecode.swift; path = WallaMarvelUITests.swift; sourceTree = "<group>"; };
		1A0E3ABB2862F7E300132FCB /* WallaMarvelUITestsLaunchTests.swift */ = {isa = PBXFileReference; lastKnownFileType = sourcecode.swift; path = WallaMarvelUITestsLaunchTests.swift; sourceTree = "<group>"; };
		1A821EC82862FE3C0024D397 /* APIClient.swift */ = {isa = PBXFileReference; lastKnownFileType = sourcecode.swift; path = APIClient.swift; sourceTree = "<group>"; };
		1A821ECB2862FF990024D397 /* String+Extension.swift */ = {isa = PBXFileReference; lastKnownFileType = sourcecode.swift; path = "String+Extension.swift"; sourceTree = "<group>"; };
		1A821ED5286305590024D397 /* MarvelDataSource.swift */ = {isa = PBXFileReference; lastKnownFileType = sourcecode.swift; path = MarvelDataSource.swift; sourceTree = "<group>"; };
		1A821ED72863081A0024D397 /* MarvelRepository.swift */ = {isa = PBXFileReference; lastKnownFileType = sourcecode.swift; path = MarvelRepository.swift; sourceTree = "<group>"; };
		1AC0347E2863214900E93178 /* GetHeroes.swift */ = {isa = PBXFileReference; lastKnownFileType = sourcecode.swift; path = GetHeroes.swift; sourceTree = "<group>"; };
		744627A52DE8FD59008B692A /* HeroesListUIView.swift */ = {isa = PBXFileReference; lastKnownFileType = sourcecode.swift; path = HeroesListUIView.swift; sourceTree = "<group>"; };
		744627AB2DEA3C37008B692A /* HeroeDetailsUIView.swift */ = {isa = PBXFileReference; lastKnownFileType = sourcecode.swift; path = HeroeDetailsUIView.swift; sourceTree = "<group>"; };
		744627AD2DEA6CFD008B692A /* SearchBarUIView.swift */ = {isa = PBXFileReference; lastKnownFileType = sourcecode.swift; path = SearchBarUIView.swift; sourceTree = "<group>"; };
		744627AF2DEA78F3008B692A /* UserDefaultsHelper.swift */ = {isa = PBXFileReference; lastKnownFileType = sourcecode.swift; path = UserDefaultsHelper.swift; sourceTree = "<group>"; };
		744627B32DEB073B008B692A /* FavoriteHeroesViewController.swift */ = {isa = PBXFileReference; lastKnownFileType = sourcecode.swift; path = FavoriteHeroesViewController.swift; sourceTree = "<group>"; };
		744627B52DEB0B48008B692A /* FavoriteHeroesViewModel.swift */ = {isa = PBXFileReference; lastKnownFileType = sourcecode.swift; path = FavoriteHeroesViewModel.swift; sourceTree = "<group>"; };
		744627BB2DEB99F3008B692A /* Config.xcconfig */ = {isa = PBXFileReference; lastKnownFileType = text.xcconfig; path = Config.xcconfig; sourceTree = "<group>"; };
		744627C12DEBCCF4008B692A /* ListHeroesViewModelTests.swift */ = {isa = PBXFileReference; lastKnownFileType = sourcecode.swift; path = ListHeroesViewModelTests.swift; sourceTree = "<group>"; };
		744627C32DEBCDE4008B692A /* ApiClientUnitTests.swift */ = {isa = PBXFileReference; lastKnownFileType = sourcecode.swift; path = ApiClientUnitTests.swift; sourceTree = "<group>"; };
		744627C52DEC0784008B692A /* MockGetHeroesUseCase.swift */ = {isa = PBXFileReference; lastKnownFileType = sourcecode.swift; path = MockGetHeroesUseCase.swift; sourceTree = "<group>"; };
		744627C72DEC125C008B692A /* MockURLProtocol.swift */ = {isa = PBXFileReference; lastKnownFileType = sourcecode.swift; path = MockURLProtocol.swift; sourceTree = "<group>"; };
		744627C92DEC138B008B692A /* MockUserDefaults.swift */ = {isa = PBXFileReference; lastKnownFileType = sourcecode.swift; path = MockUserDefaults.swift; sourceTree = "<group>"; };
		744627CB2DEC1591008B692A /* UserDefaultsHelperTests.swift */ = {isa = PBXFileReference; lastKnownFileType = sourcecode.swift; path = UserDefaultsHelperTests.swift; sourceTree = "<group>"; };
		749617B72DE4E9E500B7D270 /* AppCoordinator.swift */ = {isa = PBXFileReference; lastKnownFileType = sourcecode.swift; path = AppCoordinator.swift; sourceTree = "<group>"; };
		749617B92DE4EB6700B7D270 /* ListHeroesCoordinator.swift */ = {isa = PBXFileReference; lastKnownFileType = sourcecode.swift; path = ListHeroesCoordinator.swift; sourceTree = "<group>"; };
		749617BB2DE4EF5600B7D270 /* ListHeroesViewModel.swift */ = {isa = PBXFileReference; lastKnownFileType = sourcecode.swift; path = ListHeroesViewModel.swift; sourceTree = "<group>"; };
		749617CA2DE4F97E00B7D270 /* Localizable.xcstrings */ = {isa = PBXFileReference; lastKnownFileType = text.json.xcstrings; path = Localizable.xcstrings; sourceTree = "<group>"; };
		749617CC2DE4FC4C00B7D270 /* en */ = {isa = PBXFileReference; lastKnownFileType = file.storyboard; name = en; path = en.lproj/LaunchScreen.storyboard; sourceTree = "<group>"; };
		749617CE2DE6476100B7D270 /* KeychainHelper.swift */ = {isa = PBXFileReference; lastKnownFileType = sourcecode.swift; path = KeychainHelper.swift; sourceTree = "<group>"; };
		749617D12DE6607100B7D270 /* FavoriteHeroesCoordinator.swift */ = {isa = PBXFileReference; lastKnownFileType = sourcecode.swift; path = FavoriteHeroesCoordinator.swift; sourceTree = "<group>"; };
		749617D32DE671DA00B7D270 /* BaseCoordinator.swift */ = {isa = PBXFileReference; lastKnownFileType = sourcecode.swift; path = BaseCoordinator.swift; sourceTree = "<group>"; };
		749617D52DE6740800B7D270 /* DetailViewModel.swift */ = {isa = PBXFileReference; lastKnownFileType = sourcecode.swift; path = DetailViewModel.swift; sourceTree = "<group>"; };
		749617D72DE6741800B7D270 /* HeroDetailViewController.swift */ = {isa = PBXFileReference; lastKnownFileType = sourcecode.swift; path = HeroDetailViewController.swift; sourceTree = "<group>"; };
		749617D92DE7969200B7D270 /* CharacterDataWrapper.swift */ = {isa = PBXFileReference; lastKnownFileType = sourcecode.swift; path = CharacterDataWrapper.swift; sourceTree = "<group>"; };
		749617DB2DE8866F00B7D270 /* UIHostingTableViewCell.swift */ = {isa = PBXFileReference; lastKnownFileType = sourcecode.swift; path = UIHostingTableViewCell.swift; sourceTree = "<group>"; };
		749617E02DE8D9A600B7D270 /* Security.framework */ = {isa = PBXFileReference; lastKnownFileType = wrapper.framework; name = Security.framework; path = System/Library/Frameworks/Security.framework; sourceTree = SDKROOT; };
/* End PBXFileReference section */

/* Begin PBXFrameworksBuildPhase section */
		1A0E3A922862F7E200132FCB /* Frameworks */ = {
			isa = PBXFrameworksBuildPhase;
			buildActionMask = 2147483647;
			files = (
				749617E12DE8D9A600B7D270 /* Security.framework in Frameworks */,
				A66389F32DCE202500466318 /* Kingfisher in Frameworks */,
			);
			runOnlyForDeploymentPostprocessing = 0;
		};
		1A0E3AA82862F7E300132FCB /* Frameworks */ = {
			isa = PBXFrameworksBuildPhase;
			buildActionMask = 2147483647;
			files = (
			);
			runOnlyForDeploymentPostprocessing = 0;
		};
		1A0E3AB22862F7E300132FCB /* Frameworks */ = {
			isa = PBXFrameworksBuildPhase;
			buildActionMask = 2147483647;
			files = (
			);
			runOnlyForDeploymentPostprocessing = 0;
		};
/* End PBXFrameworksBuildPhase section */

/* Begin PBXGroup section */
		1A0E3A8C2862F7E200132FCB = {
			isa = PBXGroup;
			children = (
				1A0E3A972862F7E200132FCB /* WallaMarvel */,
				1A0E3AAE2862F7E300132FCB /* WallaMarvelTests */,
				1A0E3AB82862F7E300132FCB /* WallaMarvelUITests */,
				749617DF2DE8D9A500B7D270 /* Frameworks */,
				1A0E3A962862F7E200132FCB /* Products */,
			);
			sourceTree = "<group>";
		};
		1A0E3A962862F7E200132FCB /* Products */ = {
			isa = PBXGroup;
			children = (
				1A0E3A952862F7E200132FCB /* WallaMarvel.app */,
				1A0E3AAB2862F7E300132FCB /* WallaMarvelTests.xctest */,
				1A0E3AB52862F7E300132FCB /* WallaMarvelUITests.xctest */,
			);
			name = Products;
			sourceTree = "<group>";
		};
		1A0E3A972862F7E200132FCB /* WallaMarvel */ = {
			isa = PBXGroup;
			children = (
				749617B72DE4E9E500B7D270 /* AppCoordinator.swift */,
				749617D32DE671DA00B7D270 /* BaseCoordinator.swift */,
				1A0E3A982862F7E200132FCB /* AppDelegate.swift */,
				1A0E3A9A2862F7E200132FCB /* SceneDelegate.swift */,
				1A821EC52862FD500024D397 /* Detail Heroe */,
				749617D02DE6605400B7D270 /* FavoriteHeroes */,
				1A821EC42862FD470024D397 /* List Heroes */,
				749617CD2DE645BF00B7D270 /* SwiftUI */,
				1A821EC62862FD650024D397 /* Domain */,
				1A821EC72862FD6E0024D397 /* Data */,
				744627BB2DEB99F3008B692A /* Config.xcconfig */,
				1A0E3AA12862F7E300132FCB /* Assets.xcassets */,
				1A0E3AA32862F7E300132FCB /* LaunchScreen.storyboard */,
				1A0E3AA62862F7E300132FCB /* Info.plist */,
				749617CA2DE4F97E00B7D270 /* Localizable.xcstrings */,
			);
			path = WallaMarvel;
			sourceTree = "<group>";
		};
		1A0E3AAE2862F7E300132FCB /* WallaMarvelTests */ = {
			isa = PBXGroup;
			children = (
				744627CD2DEC8497008B692A /* Mocks */,
				744627CB2DEC1591008B692A /* UserDefaultsHelperTests.swift */,
				744627C32DEBCDE4008B692A /* ApiClientUnitTests.swift */,
				744627C12DEBCCF4008B692A /* ListHeroesViewModelTests.swift */,
				1A0E3AAF2862F7E300132FCB /* DetailViewModelTests.swift */,
			);
			path = WallaMarvelTests;
			sourceTree = "<group>";
		};
		1A0E3AB82862F7E300132FCB /* WallaMarvelUITests */ = {
			isa = PBXGroup;
			children = (
				1A0E3AB92862F7E300132FCB /* WallaMarvelUITests.swift */,
				1A0E3ABB2862F7E300132FCB /* WallaMarvelUITestsLaunchTests.swift */,
			);
			path = WallaMarvelUITests;
			sourceTree = "<group>";
		};
		1A821EC42862FD470024D397 /* List Heroes */ = {
			isa = PBXGroup;
			children = (
				749617BB2DE4EF5600B7D270 /* ListHeroesViewModel.swift */,
				749617B92DE4EB6700B7D270 /* ListHeroesCoordinator.swift */,
				1A0E3A9C2862F7E200132FCB /* ListHeroesViewController.swift */,
			);
			path = "List Heroes";
			sourceTree = "<group>";
		};
		1A821EC52862FD500024D397 /* Detail Heroe */ = {
			isa = PBXGroup;
			children = (
				749617D72DE6741800B7D270 /* HeroDetailViewController.swift */,
				749617D52DE6740800B7D270 /* DetailViewModel.swift */,
			);
			path = "Detail Heroe";
			sourceTree = "<group>";
		};
		1A821EC62862FD650024D397 /* Domain */ = {
			isa = PBXGroup;
			children = (
				1A821ED72863081A0024D397 /* MarvelRepository.swift */,
				1AC0347D286320F000E93178 /* UseCases */,
			);
			path = Domain;
			sourceTree = "<group>";
		};
		1A821EC72862FD6E0024D397 /* Data */ = {
			isa = PBXGroup;
			children = (
				1A821ED5286305590024D397 /* MarvelDataSource.swift */,
				1A821EC82862FE3C0024D397 /* APIClient.swift */,
				1A821ED2286302D40024D397 /* DataModel */,
				1A821ECA2862FF910024D397 /* Helpers */,
			);
			path = Data;
			sourceTree = "<group>";
		};
		1A821ECA2862FF910024D397 /* Helpers */ = {
			isa = PBXGroup;
			children = (
				744627AF2DEA78F3008B692A /* UserDefaultsHelper.swift */,
				749617CE2DE6476100B7D270 /* KeychainHelper.swift */,
				1A821ECB2862FF990024D397 /* String+Extension.swift */,
			);
			path = Helpers;
			sourceTree = "<group>";
		};
		1A821ED2286302D40024D397 /* DataModel */ = {
			isa = PBXGroup;
			children = (
				749617D92DE7969200B7D270 /* CharacterDataWrapper.swift */,
			);
			path = DataModel;
			sourceTree = "<group>";
		};
		1AC0347D286320F000E93178 /* UseCases */ = {
			isa = PBXGroup;
			children = (
				1AC0347E2863214900E93178 /* GetHeroes.swift */,
			);
			path = UseCases;
			sourceTree = "<group>";
		};
		744627CD2DEC8497008B692A /* Mocks */ = {
			isa = PBXGroup;
			children = (
				744627C52DEC0784008B692A /* MockGetHeroesUseCase.swift */,
				744627C72DEC125C008B692A /* MockURLProtocol.swift */,
				744627C92DEC138B008B692A /* MockUserDefaults.swift */,
			);
			path = Mocks;
			sourceTree = "<group>";
		};
		744627CE2DEC851D008B692A /* UIViews */ = {
			isa = PBXGroup;
			children = (
				744627A52DE8FD59008B692A /* HeroesListUIView.swift */,
				744627AB2DEA3C37008B692A /* HeroeDetailsUIView.swift */,
				744627AD2DEA6CFD008B692A /* SearchBarUIView.swift */,
			);
			path = UIViews;
			sourceTree = "<group>";
		};
		749617CD2DE645BF00B7D270 /* SwiftUI */ = {
			isa = PBXGroup;
			children = (
				744627CE2DEC851D008B692A /* UIViews */,
				749617DB2DE8866F00B7D270 /* UIHostingTableViewCell.swift */,
			);
			path = SwiftUI;
			sourceTree = "<group>";
		};
		749617D02DE6605400B7D270 /* FavoriteHeroes */ = {
			isa = PBXGroup;
			children = (
				744627B52DEB0B48008B692A /* FavoriteHeroesViewModel.swift */,
				744627B32DEB073B008B692A /* FavoriteHeroesViewController.swift */,
				749617D12DE6607100B7D270 /* FavoriteHeroesCoordinator.swift */,
			);
			path = FavoriteHeroes;
			sourceTree = "<group>";
		};
		749617DF2DE8D9A500B7D270 /* Frameworks */ = {
			isa = PBXGroup;
			children = (
				749617E02DE8D9A600B7D270 /* Security.framework */,
			);
			name = Frameworks;
			sourceTree = "<group>";
		};
/* End PBXGroup section */

/* Begin PBXNativeTarget section */
		1A0E3A942862F7E200132FCB /* WallaMarvel */ = {
			isa = PBXNativeTarget;
			buildConfigurationList = 1A0E3ABF2862F7E300132FCB /* Build configuration list for PBXNativeTarget "WallaMarvel" */;
			buildPhases = (
				1A0E3A912862F7E200132FCB /* Sources */,
				1A0E3A922862F7E200132FCB /* Frameworks */,
				1A0E3A932862F7E200132FCB /* Resources */,
			);
			buildRules = (
			);
			dependencies = (
			);
			name = WallaMarvel;
			productName = WallaMarvel;
			productReference = 1A0E3A952862F7E200132FCB /* WallaMarvel.app */;
			productType = "com.apple.product-type.application";
		};
		1A0E3AAA2862F7E300132FCB /* WallaMarvelTests */ = {
			isa = PBXNativeTarget;
			buildConfigurationList = 1A0E3AC22862F7E300132FCB /* Build configuration list for PBXNativeTarget "WallaMarvelTests" */;
			buildPhases = (
				1A0E3AA72862F7E300132FCB /* Sources */,
				1A0E3AA82862F7E300132FCB /* Frameworks */,
				1A0E3AA92862F7E300132FCB /* Resources */,
			);
			buildRules = (
			);
			dependencies = (
				1A0E3AAD2862F7E300132FCB /* PBXTargetDependency */,
			);
			name = WallaMarvelTests;
			productName = WallaMarvelTests;
			productReference = 1A0E3AAB2862F7E300132FCB /* WallaMarvelTests.xctest */;
			productType = "com.apple.product-type.bundle.unit-test";
		};
		1A0E3AB42862F7E300132FCB /* WallaMarvelUITests */ = {
			isa = PBXNativeTarget;
			buildConfigurationList = 1A0E3AC52862F7E300132FCB /* Build configuration list for PBXNativeTarget "WallaMarvelUITests" */;
			buildPhases = (
				1A0E3AB12862F7E300132FCB /* Sources */,
				1A0E3AB22862F7E300132FCB /* Frameworks */,
				1A0E3AB32862F7E300132FCB /* Resources */,
			);
			buildRules = (
			);
			dependencies = (
				1A0E3AB72862F7E300132FCB /* PBXTargetDependency */,
			);
			name = WallaMarvelUITests;
			productName = WallaMarvelUITests;
			productReference = 1A0E3AB52862F7E300132FCB /* WallaMarvelUITests.xctest */;
			productType = "com.apple.product-type.bundle.ui-testing";
		};
/* End PBXNativeTarget section */

/* Begin PBXProject section */
		1A0E3A8D2862F7E200132FCB /* Project object */ = {
			isa = PBXProject;
			attributes = {
				BuildIndependentTargetsInParallel = 1;
				LastSwiftUpdateCheck = 1340;
				LastUpgradeCheck = 1340;
				TargetAttributes = {
					1A0E3A942862F7E200132FCB = {
						CreatedOnToolsVersion = 13.4.1;
					};
					1A0E3AAA2862F7E300132FCB = {
						CreatedOnToolsVersion = 13.4.1;
						TestTargetID = 1A0E3A942862F7E200132FCB;
					};
					1A0E3AB42862F7E300132FCB = {
						CreatedOnToolsVersion = 13.4.1;
						TestTargetID = 1A0E3A942862F7E200132FCB;
					};
				};
			};
			buildConfigurationList = 1A0E3A902862F7E200132FCB /* Build configuration list for PBXProject "WallaMarvel" */;
			compatibilityVersion = "Xcode 13.0";
			developmentRegion = en;
			hasScannedForEncodings = 0;
			knownRegions = (
				en,
				es,
				"pt-PT",
			);
			mainGroup = 1A0E3A8C2862F7E200132FCB;
			packageReferences = (
				A66389F12DCE202500466318 /* XCRemoteSwiftPackageReference "Kingfisher" */,
			);
			productRefGroup = 1A0E3A962862F7E200132FCB /* Products */;
			projectDirPath = "";
			projectRoot = "";
			targets = (
				1A0E3A942862F7E200132FCB /* WallaMarvel */,
				1A0E3AAA2862F7E300132FCB /* WallaMarvelTests */,
				1A0E3AB42862F7E300132FCB /* WallaMarvelUITests */,
			);
		};
/* End PBXProject section */

/* Begin PBXResourcesBuildPhase section */
		1A0E3A932862F7E200132FCB /* Resources */ = {
			isa = PBXResourcesBuildPhase;
			buildActionMask = 2147483647;
			files = (
				744627BC2DEB99F3008B692A /* Config.xcconfig in Resources */,
				1A0E3AA52862F7E300132FCB /* LaunchScreen.storyboard in Resources */,
				1A0E3AA22862F7E300132FCB /* Assets.xcassets in Resources */,
				749617CB2DE4F97E00B7D270 /* Localizable.xcstrings in Resources */,
			);
			runOnlyForDeploymentPostprocessing = 0;
		};
		1A0E3AA92862F7E300132FCB /* Resources */ = {
			isa = PBXResourcesBuildPhase;
			buildActionMask = 2147483647;
			files = (
			);
			runOnlyForDeploymentPostprocessing = 0;
		};
		1A0E3AB32862F7E300132FCB /* Resources */ = {
			isa = PBXResourcesBuildPhase;
			buildActionMask = 2147483647;
			files = (
			);
			runOnlyForDeploymentPostprocessing = 0;
		};
/* End PBXResourcesBuildPhase section */

/* Begin PBXSourcesBuildPhase section */
		1A0E3A912862F7E200132FCB /* Sources */ = {
			isa = PBXSourcesBuildPhase;
			buildActionMask = 2147483647;
			files = (
				749617CF2DE6476900B7D270 /* KeychainHelper.swift in Sources */,
				744627AC2DEA3C37008B692A /* HeroeDetailsUIView.swift in Sources */,
				1A821ED82863081A0024D397 /* MarvelRepository.swift in Sources */,
				749617D22DE6607100B7D270 /* FavoriteHeroesCoordinator.swift in Sources */,
				749617D62DE6741100B7D270 /* DetailViewModel.swift in Sources */,
				1A0E3A9D2862F7E200132FCB /* ListHeroesViewController.swift in Sources */,
				1AC0347F2863214900E93178 /* GetHeroes.swift in Sources */,
				749617D82DE6741D00B7D270 /* HeroDetailViewController.swift in Sources */,
				744627B42DEB073B008B692A /* FavoriteHeroesViewController.swift in Sources */,
				749617DA2DE7969200B7D270 /* CharacterDataWrapper.swift in Sources */,
				744627A62DE8FD6B008B692A /* HeroesListUIView.swift in Sources */,
				744627B62DEB0B48008B692A /* FavoriteHeroesViewModel.swift in Sources */,
				749617DC2DE8866F00B7D270 /* UIHostingTableViewCell.swift in Sources */,
				749617B82DE4E9F200B7D270 /* AppCoordinator.swift in Sources */,
				1A0E3A992862F7E200132FCB /* AppDelegate.swift in Sources */,
				1A821ECC2862FF990024D397 /* String+Extension.swift in Sources */,
				744627B02DEA78F8008B692A /* UserDefaultsHelper.swift in Sources */,
				1A821ED6286305590024D397 /* MarvelDataSource.swift in Sources */,
				749617BC2DE4EF5B00B7D270 /* ListHeroesViewModel.swift in Sources */,
				1A0E3A9B2862F7E200132FCB /* SceneDelegate.swift in Sources */,
				749617D42DE671DA00B7D270 /* BaseCoordinator.swift in Sources */,
				749617BA2DE4EB6F00B7D270 /* ListHeroesCoordinator.swift in Sources */,
				1A821EC92862FE3C0024D397 /* APIClient.swift in Sources */,
				744627AE2DEA6CFD008B692A /* SearchBarUIView.swift in Sources */,
			);
			runOnlyForDeploymentPostprocessing = 0;
		};
		1A0E3AA72862F7E300132FCB /* Sources */ = {
			isa = PBXSourcesBuildPhase;
			buildActionMask = 2147483647;
			files = (
				744627C22DEBCD00008B692A /* ListHeroesViewModelTests.swift in Sources */,
				1A0E3AB02862F7E300132FCB /* DetailViewModelTests.swift in Sources */,
				744627C82DEC125C008B692A /* MockURLProtocol.swift in Sources */,
				744627CC2DEC1591008B692A /* UserDefaultsHelperTests.swift in Sources */,
				744627C42DEBCDF2008B692A /* ApiClientUnitTests.swift in Sources */,
				744627CA2DEC138B008B692A /* MockUserDefaults.swift in Sources */,
				744627C62DEC0784008B692A /* MockGetHeroesUseCase.swift in Sources */,
			);
			runOnlyForDeploymentPostprocessing = 0;
		};
		1A0E3AB12862F7E300132FCB /* Sources */ = {
			isa = PBXSourcesBuildPhase;
			buildActionMask = 2147483647;
			files = (
				1A0E3ABA2862F7E300132FCB /* WallaMarvelUITests.swift in Sources */,
				1A0E3ABC2862F7E300132FCB /* WallaMarvelUITestsLaunchTests.swift in Sources */,
			);
			runOnlyForDeploymentPostprocessing = 0;
		};
/* End PBXSourcesBuildPhase section */

/* Begin PBXTargetDependency section */
		1A0E3AAD2862F7E300132FCB /* PBXTargetDependency */ = {
			isa = PBXTargetDependency;
			target = 1A0E3A942862F7E200132FCB /* WallaMarvel */;
			targetProxy = 1A0E3AAC2862F7E300132FCB /* PBXContainerItemProxy */;
		};
		1A0E3AB72862F7E300132FCB /* PBXTargetDependency */ = {
			isa = PBXTargetDependency;
			target = 1A0E3A942862F7E200132FCB /* WallaMarvel */;
			targetProxy = 1A0E3AB62862F7E300132FCB /* PBXContainerItemProxy */;
		};
/* End PBXTargetDependency section */

/* Begin PBXVariantGroup section */
		1A0E3AA32862F7E300132FCB /* LaunchScreen.storyboard */ = {
			isa = PBXVariantGroup;
			children = (
				749617CC2DE4FC4C00B7D270 /* en */,
			);
			name = LaunchScreen.storyboard;
			sourceTree = "<group>";
		};
/* End PBXVariantGroup section */

/* Begin XCBuildConfiguration section */
		1A0E3ABD2862F7E300132FCB /* Debug */ = {
			isa = XCBuildConfiguration;
			buildSettings = {
				ALWAYS_SEARCH_USER_PATHS = NO;
				CLANG_ANALYZER_NONNULL = YES;
				CLANG_ANALYZER_NUMBER_OBJECT_CONVERSION = YES_AGGRESSIVE;
				CLANG_CXX_LANGUAGE_STANDARD = "gnu++17";
				CLANG_ENABLE_MODULES = YES;
				CLANG_ENABLE_OBJC_ARC = YES;
				CLANG_ENABLE_OBJC_WEAK = YES;
				CLANG_WARN_BLOCK_CAPTURE_AUTORELEASING = YES;
				CLANG_WARN_BOOL_CONVERSION = YES;
				CLANG_WARN_COMMA = YES;
				CLANG_WARN_CONSTANT_CONVERSION = YES;
				CLANG_WARN_DEPRECATED_OBJC_IMPLEMENTATIONS = YES;
				CLANG_WARN_DIRECT_OBJC_ISA_USAGE = YES_ERROR;
				CLANG_WARN_DOCUMENTATION_COMMENTS = YES;
				CLANG_WARN_EMPTY_BODY = YES;
				CLANG_WARN_ENUM_CONVERSION = YES;
				CLANG_WARN_INFINITE_RECURSION = YES;
				CLANG_WARN_INT_CONVERSION = YES;
				CLANG_WARN_NON_LITERAL_NULL_CONVERSION = YES;
				CLANG_WARN_OBJC_IMPLICIT_RETAIN_SELF = YES;
				CLANG_WARN_OBJC_LITERAL_CONVERSION = YES;
				CLANG_WARN_OBJC_ROOT_CLASS = YES_ERROR;
				CLANG_WARN_QUOTED_INCLUDE_IN_FRAMEWORK_HEADER = YES;
				CLANG_WARN_RANGE_LOOP_ANALYSIS = YES;
				CLANG_WARN_STRICT_PROTOTYPES = YES;
				CLANG_WARN_SUSPICIOUS_MOVE = YES;
				CLANG_WARN_UNGUARDED_AVAILABILITY = YES_AGGRESSIVE;
				CLANG_WARN_UNREACHABLE_CODE = YES;
				CLANG_WARN__DUPLICATE_METHOD_MATCH = YES;
				COPY_PHASE_STRIP = NO;
				DEBUG_INFORMATION_FORMAT = dwarf;
				ENABLE_STRICT_OBJC_MSGSEND = YES;
				ENABLE_TESTABILITY = YES;
				GCC_C_LANGUAGE_STANDARD = gnu11;
				GCC_DYNAMIC_NO_PIC = NO;
				GCC_NO_COMMON_BLOCKS = YES;
				GCC_OPTIMIZATION_LEVEL = 0;
				GCC_PREPROCESSOR_DEFINITIONS = (
					"DEBUG=1",
					"$(inherited)",
				);
				GCC_WARN_64_TO_32_BIT_CONVERSION = YES;
				GCC_WARN_ABOUT_RETURN_TYPE = YES_ERROR;
				GCC_WARN_UNDECLARED_SELECTOR = YES;
				GCC_WARN_UNINITIALIZED_AUTOS = YES_AGGRESSIVE;
				GCC_WARN_UNUSED_FUNCTION = YES;
				GCC_WARN_UNUSED_VARIABLE = YES;
				IPHONEOS_DEPLOYMENT_TARGET = 15.5;
				MTL_ENABLE_DEBUG_INFO = INCLUDE_SOURCE;
				MTL_FAST_MATH = YES;
				ONLY_ACTIVE_ARCH = YES;
				SDKROOT = iphoneos;
				SWIFT_ACTIVE_COMPILATION_CONDITIONS = DEBUG;
				SWIFT_EMIT_LOC_STRINGS = YES;
				SWIFT_OPTIMIZATION_LEVEL = "-Onone";
			};
			name = Debug;
		};
		1A0E3ABE2862F7E300132FCB /* Release */ = {
			isa = XCBuildConfiguration;
			buildSettings = {
				ALWAYS_SEARCH_USER_PATHS = NO;
				CLANG_ANALYZER_NONNULL = YES;
				CLANG_ANALYZER_NUMBER_OBJECT_CONVERSION = YES_AGGRESSIVE;
				CLANG_CXX_LANGUAGE_STANDARD = "gnu++17";
				CLANG_ENABLE_MODULES = YES;
				CLANG_ENABLE_OBJC_ARC = YES;
				CLANG_ENABLE_OBJC_WEAK = YES;
				CLANG_WARN_BLOCK_CAPTURE_AUTORELEASING = YES;
				CLANG_WARN_BOOL_CONVERSION = YES;
				CLANG_WARN_COMMA = YES;
				CLANG_WARN_CONSTANT_CONVERSION = YES;
				CLANG_WARN_DEPRECATED_OBJC_IMPLEMENTATIONS = YES;
				CLANG_WARN_DIRECT_OBJC_ISA_USAGE = YES_ERROR;
				CLANG_WARN_DOCUMENTATION_COMMENTS = YES;
				CLANG_WARN_EMPTY_BODY = YES;
				CLANG_WARN_ENUM_CONVERSION = YES;
				CLANG_WARN_INFINITE_RECURSION = YES;
				CLANG_WARN_INT_CONVERSION = YES;
				CLANG_WARN_NON_LITERAL_NULL_CONVERSION = YES;
				CLANG_WARN_OBJC_IMPLICIT_RETAIN_SELF = YES;
				CLANG_WARN_OBJC_LITERAL_CONVERSION = YES;
				CLANG_WARN_OBJC_ROOT_CLASS = YES_ERROR;
				CLANG_WARN_QUOTED_INCLUDE_IN_FRAMEWORK_HEADER = YES;
				CLANG_WARN_RANGE_LOOP_ANALYSIS = YES;
				CLANG_WARN_STRICT_PROTOTYPES = YES;
				CLANG_WARN_SUSPICIOUS_MOVE = YES;
				CLANG_WARN_UNGUARDED_AVAILABILITY = YES_AGGRESSIVE;
				CLANG_WARN_UNREACHABLE_CODE = YES;
				CLANG_WARN__DUPLICATE_METHOD_MATCH = YES;
				COPY_PHASE_STRIP = NO;
				DEBUG_INFORMATION_FORMAT = "dwarf-with-dsym";
				ENABLE_NS_ASSERTIONS = NO;
				ENABLE_STRICT_OBJC_MSGSEND = YES;
				GCC_C_LANGUAGE_STANDARD = gnu11;
				GCC_NO_COMMON_BLOCKS = YES;
				GCC_WARN_64_TO_32_BIT_CONVERSION = YES;
				GCC_WARN_ABOUT_RETURN_TYPE = YES_ERROR;
				GCC_WARN_UNDECLARED_SELECTOR = YES;
				GCC_WARN_UNINITIALIZED_AUTOS = YES_AGGRESSIVE;
				GCC_WARN_UNUSED_FUNCTION = YES;
				GCC_WARN_UNUSED_VARIABLE = YES;
				IPHONEOS_DEPLOYMENT_TARGET = 15.5;
				MTL_ENABLE_DEBUG_INFO = NO;
				MTL_FAST_MATH = YES;
				SDKROOT = iphoneos;
				SWIFT_COMPILATION_MODE = wholemodule;
				SWIFT_EMIT_LOC_STRINGS = YES;
				SWIFT_OPTIMIZATION_LEVEL = "-O";
				VALIDATE_PRODUCT = YES;
			};
			name = Release;
		};
		1A0E3AC02862F7E300132FCB /* Debug */ = {
			isa = XCBuildConfiguration;
			baseConfigurationReference = 744627BB2DEB99F3008B692A /* Config.xcconfig */;
			buildSettings = {
				ASSETCATALOG_COMPILER_APPICON_NAME = AppIcon;
				ASSETCATALOG_COMPILER_GLOBAL_ACCENT_COLOR_NAME = AccentColor;
				CODE_SIGN_STYLE = Automatic;
				CURRENT_PROJECT_VERSION = 1;
				GENERATE_INFOPLIST_FILE = YES;
				INFOPLIST_FILE = WallaMarvel/Info.plist;
				INFOPLIST_KEY_LSApplicationCategoryType = "";
				INFOPLIST_KEY_UIApplicationSupportsIndirectInputEvents = YES;
				INFOPLIST_KEY_UILaunchStoryboardName = LaunchScreen;
				INFOPLIST_KEY_UISupportedInterfaceOrientations_iPad = "UIInterfaceOrientationPortrait UIInterfaceOrientationPortraitUpsideDown UIInterfaceOrientationLandscapeLeft UIInterfaceOrientationLandscapeRight";
				INFOPLIST_KEY_UISupportedInterfaceOrientations_iPhone = "UIInterfaceOrientationPortrait UIInterfaceOrientationLandscapeLeft UIInterfaceOrientationLandscapeRight";
				IPHONEOS_DEPLOYMENT_TARGET = 15;
				LD_RUNPATH_SEARCH_PATHS = (
					"$(inherited)",
					"@executable_path/Frameworks",
				);
				MARKETING_VERSION = 1.0;
				PRODUCT_BUNDLE_IDENTIFIER = com.wallapop.WallaMarvel;
				PRODUCT_NAME = "$(TARGET_NAME)";
				SWIFT_EMIT_LOC_STRINGS = YES;
				SWIFT_VERSION = 5.0;
				TARGETED_DEVICE_FAMILY = "1,2";
			};
			name = Debug;
		};
		1A0E3AC12862F7E300132FCB /* Release */ = {
			isa = XCBuildConfiguration;
			baseConfigurationReference = 744627BB2DEB99F3008B692A /* Config.xcconfig */;
			buildSettings = {
				ASSETCATALOG_COMPILER_APPICON_NAME = AppIcon;
				ASSETCATALOG_COMPILER_GLOBAL_ACCENT_COLOR_NAME = AccentColor;
				CODE_SIGN_STYLE = Automatic;
				CURRENT_PROJECT_VERSION = 1;
				GENERATE_INFOPLIST_FILE = YES;
				INFOPLIST_FILE = WallaMarvel/Info.plist;
				INFOPLIST_KEY_LSApplicationCategoryType = "";
				INFOPLIST_KEY_UIApplicationSupportsIndirectInputEvents = YES;
				INFOPLIST_KEY_UILaunchStoryboardName = LaunchScreen;
				INFOPLIST_KEY_UISupportedInterfaceOrientations_iPad = "UIInterfaceOrientationPortrait UIInterfaceOrientationPortraitUpsideDown UIInterfaceOrientationLandscapeLeft UIInterfaceOrientationLandscapeRight";
				INFOPLIST_KEY_UISupportedInterfaceOrientations_iPhone = "UIInterfaceOrientationPortrait UIInterfaceOrientationLandscapeLeft UIInterfaceOrientationLandscapeRight";
				IPHONEOS_DEPLOYMENT_TARGET = 15;
				LD_RUNPATH_SEARCH_PATHS = (
					"$(inherited)",
					"@executable_path/Frameworks",
				);
				MARKETING_VERSION = 1.0;
				PRODUCT_BUNDLE_IDENTIFIER = com.wallapop.WallaMarvel;
				PRODUCT_NAME = "$(TARGET_NAME)";
				SWIFT_EMIT_LOC_STRINGS = YES;
				SWIFT_VERSION = 5.0;
				TARGETED_DEVICE_FAMILY = "1,2";
			};
			name = Release;
		};
		1A0E3AC32862F7E300132FCB /* Debug */ = {
			isa = XCBuildConfiguration;
			buildSettings = {
				ALWAYS_EMBED_SWIFT_STANDARD_LIBRARIES = YES;
				BUNDLE_LOADER = "$(TEST_HOST)";
				CODE_SIGN_STYLE = Automatic;
				CURRENT_PROJECT_VERSION = 1;
				GENERATE_INFOPLIST_FILE = YES;
				IPHONEOS_DEPLOYMENT_TARGET = 15.5;
				MARKETING_VERSION = 1.0;
				PRODUCT_BUNDLE_IDENTIFIER = com.wallapop.WallaMarvelTests;
				PRODUCT_NAME = "$(TARGET_NAME)";
				SWIFT_EMIT_LOC_STRINGS = NO;
				SWIFT_VERSION = 5.0;
				TARGETED_DEVICE_FAMILY = "1,2";
				TEST_HOST = "$(BUILT_PRODUCTS_DIR)/WallaMarvel.app/WallaMarvel";
			};
			name = Debug;
		};
		1A0E3AC42862F7E300132FCB /* Release */ = {
			isa = XCBuildConfiguration;
			buildSettings = {
				ALWAYS_EMBED_SWIFT_STANDARD_LIBRARIES = YES;
				BUNDLE_LOADER = "$(TEST_HOST)";
				CODE_SIGN_STYLE = Automatic;
				CURRENT_PROJECT_VERSION = 1;
				GENERATE_INFOPLIST_FILE = YES;
				IPHONEOS_DEPLOYMENT_TARGET = 15.5;
				MARKETING_VERSION = 1.0;
				PRODUCT_BUNDLE_IDENTIFIER = com.wallapop.WallaMarvelTests;
				PRODUCT_NAME = "$(TARGET_NAME)";
				SWIFT_EMIT_LOC_STRINGS = NO;
				SWIFT_VERSION = 5.0;
				TARGETED_DEVICE_FAMILY = "1,2";
				TEST_HOST = "$(BUILT_PRODUCTS_DIR)/WallaMarvel.app/WallaMarvel";
			};
			name = Release;
		};
		1A0E3AC62862F7E300132FCB /* Debug */ = {
			isa = XCBuildConfiguration;
			buildSettings = {
				ALWAYS_EMBED_SWIFT_STANDARD_LIBRARIES = YES;
				CODE_SIGN_STYLE = Automatic;
				CURRENT_PROJECT_VERSION = 1;
				GENERATE_INFOPLIST_FILE = YES;
				MARKETING_VERSION = 1.0;
				PRODUCT_BUNDLE_IDENTIFIER = com.wallapop.WallaMarvelUITests;
				PRODUCT_NAME = "$(TARGET_NAME)";
				SWIFT_EMIT_LOC_STRINGS = NO;
				SWIFT_VERSION = 5.0;
				TARGETED_DEVICE_FAMILY = "1,2";
				TEST_TARGET_NAME = WallaMarvel;
			};
			name = Debug;
		};
		1A0E3AC72862F7E300132FCB /* Release */ = {
			isa = XCBuildConfiguration;
			buildSettings = {
				ALWAYS_EMBED_SWIFT_STANDARD_LIBRARIES = YES;
				CODE_SIGN_STYLE = Automatic;
				CURRENT_PROJECT_VERSION = 1;
				GENERATE_INFOPLIST_FILE = YES;
				MARKETING_VERSION = 1.0;
				PRODUCT_BUNDLE_IDENTIFIER = com.wallapop.WallaMarvelUITests;
				PRODUCT_NAME = "$(TARGET_NAME)";
				SWIFT_EMIT_LOC_STRINGS = NO;
				SWIFT_VERSION = 5.0;
				TARGETED_DEVICE_FAMILY = "1,2";
				TEST_TARGET_NAME = WallaMarvel;
			};
			name = Release;
		};
/* End XCBuildConfiguration section */

/* Begin XCConfigurationList section */
		1A0E3A902862F7E200132FCB /* Build configuration list for PBXProject "WallaMarvel" */ = {
			isa = XCConfigurationList;
			buildConfigurations = (
				1A0E3ABD2862F7E300132FCB /* Debug */,
				1A0E3ABE2862F7E300132FCB /* Release */,
			);
			defaultConfigurationIsVisible = 0;
			defaultConfigurationName = Debug;
		};
		1A0E3ABF2862F7E300132FCB /* Build configuration list for PBXNativeTarget "WallaMarvel" */ = {
			isa = XCConfigurationList;
			buildConfigurations = (
				1A0E3AC02862F7E300132FCB /* Debug */,
				1A0E3AC12862F7E300132FCB /* Release */,
			);
			defaultConfigurationIsVisible = 0;
			defaultConfigurationName = Debug;
		};
		1A0E3AC22862F7E300132FCB /* Build configuration list for PBXNativeTarget "WallaMarvelTests" */ = {
			isa = XCConfigurationList;
			buildConfigurations = (
				1A0E3AC32862F7E300132FCB /* Debug */,
				1A0E3AC42862F7E300132FCB /* Release */,
			);
			defaultConfigurationIsVisible = 0;
			defaultConfigurationName = Debug;
		};
		1A0E3AC52862F7E300132FCB /* Build configuration list for PBXNativeTarget "WallaMarvelUITests" */ = {
			isa = XCConfigurationList;
			buildConfigurations = (
				1A0E3AC62862F7E300132FCB /* Debug */,
				1A0E3AC72862F7E300132FCB /* Release */,
			);
			defaultConfigurationIsVisible = 0;
			defaultConfigurationName = Debug;
		};
/* End XCConfigurationList section */

/* Begin XCRemoteSwiftPackageReference section */
		A66389F12DCE202500466318 /* XCRemoteSwiftPackageReference "Kingfisher" */ = {
			isa = XCRemoteSwiftPackageReference;
			repositoryURL = "https://github.com/onevcat/Kingfisher.git";
			requirement = {
				kind = upToNextMajorVersion;
				minimumVersion = 7.2.4;
			};
		};
/* End XCRemoteSwiftPackageReference section */

/* Begin XCSwiftPackageProductDependency section */
		A66389F22DCE202500466318 /* Kingfisher */ = {
			isa = XCSwiftPackageProductDependency;
			package = A66389F12DCE202500466318 /* XCRemoteSwiftPackageReference "Kingfisher" */;
			productName = Kingfisher;
		};
/* End XCSwiftPackageProductDependency section */
	};
	rootObject = 1A0E3A8D2862F7E200132FCB /* Project object */;
}
